
Microsoft Visual Studio Solution File, Format Version 12.00
# Visual Studio 15
VisualStudioVersion = 15.0.26403.7
MinimumVisualStudioVersion = 10.0.40219.1
Project("{FAE04EC0-301F-11D3-BF4B-00C04F79EFBC}") = "StocksAndBonds", "StocksAndBonds\StocksAndBonds.csproj", "{881BFA1F-46F9-4B67-BD10-964755072C4B}"
EndProject
Project("{FAE04EC0-301F-11D3-BF4B-00C04F79EFBC}") = "StocksAndBonds.Engine", "StocksAndBonds.Engine\StocksAndBonds.Engine.csproj", "{1B9ECC79-7018-4CAA-A212-0D57E63EFB1A}"
EndProject
Project("{FAE04EC0-301F-11D3-BF4B-00C04F79EFBC}") = "StocksAndBonds.Console", "StocksAndBonds.Console\StocksAndBonds.Console.csproj", "{8B511FBA-C8E4-4583-A333-49FB27585C48}"
EndProject
Global
	GlobalSection(SolutionConfigurationPlatforms) = preSolution
		Debug|Any CPU = Debug|Any CPU
		Release|Any CPU = Release|Any CPU
	EndGlobalSection
	GlobalSection(ProjectConfigurationPlatforms) = postSolution
		{881BFA1F-46F9-4B67-BD10-964755072C4B}.Debug|Any CPU.ActiveCfg = Debug|Any CPU
		{881BFA1F-46F9-4B67-BD10-964755072C4B}.Debug|Any CPU.Build.0 = Debug|Any CPU
		{881BFA1F-46F9-4B67-BD10-964755072C4B}.Release|Any CPU.ActiveCfg = Release|Any CPU
		{881BFA1F-46F9-4B67-BD10-964755072C4B}.Release|Any CPU.Build.0 = Release|Any CPU
		{1B9ECC79-7018-4CAA-A212-0D57E63EFB1A}.Debug|Any CPU.ActiveCfg = Debug|Any CPU
		{1B9ECC79-7018-4CAA-A212-0D57E63EFB1A}.Debug|Any CPU.Build.0 = Debug|Any CPU
		{1B9ECC79-7018-4CAA-A212-0D57E63EFB1A}.Release|Any CPU.ActiveCfg = Release|Any CPU
		{1B9ECC79-7018-4CAA-A212-0D57E63EFB1A}.Release|Any CPU.Build.0 = Release|Any CPU
		{8B511FBA-C8E4-4583-A333-49FB27585C48}.Debug|Any CPU.ActiveCfg = Debug|Any CPU
		{8B511FBA-C8E4-4583-A333-49FB27585C48}.Debug|Any CPU.Build.0 = Debug|Any CPU
		{8B511FBA-C8E4-4583-A333-49FB27585C48}.Release|Any CPU.ActiveCfg = Release|Any CPU
		{8B511FBA-C8E4-4583-A333-49FB27585C48}.Release|Any CPU.Build.0 = Release|Any CPU
	EndGlobalSection
	GlobalSection(SolutionProperties) = preSolution
		HideSolutionNode = FALSE
	EndGlobalSection
EndGlobal
